
Microsoft Visual Studio Solution File, Format Version 12.00
# Visual Studio Version 16
VisualStudioVersion = 16.0.29521.150
MinimumVisualStudioVersion = 10.0.40219.1
Project("{9A19103F-16F7-4668-BE54-9A1E7A4F7556}") = "CashRegister.Shared", "CashRegister.Shared\CashRegister.Shared.csproj", "{37513E6E-067D-4AA6-862D-5EFA43BCE0B0}"
EndProject
Project("{9A19103F-16F7-4668-BE54-9A1E7A4F7556}") = "CashRegister.WebApi", "CashRegister.WebApi\CashRegister.WebApi.csproj", "{5865FABF-7295-4E3A-BD09-A158FD0727F8}"
EndProject
Project("{9A19103F-16F7-4668-BE54-9A1E7A4F7556}") = "CashRegister.UI", "CashRegister.UI\CashRegister.UI.csproj", "{1CED1E7A-020E-485B-AA80-EF379CE4B0ED}"
EndProject
Global
	GlobalSection(SolutionConfigurationPlatforms) = preSolution
		Debug|Any CPU = Debug|Any CPU
		Release|Any CPU = Release|Any CPU
	EndGlobalSection
	GlobalSection(ProjectConfigurationPlatforms) = postSolution
		{37513E6E-067D-4AA6-862D-5EFA43BCE0B0}.Debug|Any CPU.ActiveCfg = Debug|Any CPU
		{37513E6E-067D-4AA6-862D-5EFA43BCE0B0}.Debug|Any CPU.Build.0 = Debug|Any CPU
		{37513E6E-067D-4AA6-862D-5EFA43BCE0B0}.Release|Any CPU.ActiveCfg = Release|Any CPU
		{37513E6E-067D-4AA6-862D-5EFA43BCE0B0}.Release|Any CPU.Build.0 = Release|Any CPU
		{5865FABF-7295-4E3A-BD09-A158FD0727F8}.Debug|Any CPU.ActiveCfg = Debug|Any CPU
		{5865FABF-7295-4E3A-BD09-A158FD0727F8}.Debug|Any CPU.Build.0 = Debug|Any CPU
		{5865FABF-7295-4E3A-BD09-A158FD0727F8}.Release|Any CPU.ActiveCfg = Release|Any CPU
		{5865FABF-7295-4E3A-BD09-A158FD0727F8}.Release|Any CPU.Build.0 = Release|Any CPU
		{1CED1E7A-020E-485B-AA80-EF379CE4B0ED}.Debug|Any CPU.ActiveCfg = Debug|Any CPU
		{1CED1E7A-020E-485B-AA80-EF379CE4B0ED}.Debug|Any CPU.Build.0 = Debug|Any CPU
		{1CED1E7A-020E-485B-AA80-EF379CE4B0ED}.Release|Any CPU.ActiveCfg = Release|Any CPU
		{1CED1E7A-020E-485B-AA80-EF379CE4B0ED}.Release|Any CPU.Build.0 = Release|Any CPU
	EndGlobalSection
	GlobalSection(SolutionProperties) = preSolution
		HideSolutionNode = FALSE
	EndGlobalSection
	GlobalSection(ExtensibilityGlobals) = postSolution
		SolutionGuid = {CDE63AE1-96CD-43B6-95F9-74DB3D7BBBC6}
	EndGlobalSection
EndGlobal
